
Microsoft Visual Studio Solution File, Format Version 12.00
# Visual Studio Version 17
VisualStudioVersion = 17.3.32929.385
MinimumVisualStudioVersion = 10.0.40219.1
Project("{9A19103F-16F7-4668-BE54-9A1E7A4F7556}") = "Nuke.SampleApp", "Nuke.SampleApp\Nuke.SampleApp.csproj", "{4B02FC0F-072A-4833-99BE-3D307E764EA2}"
EndProject
Project("{FAE04EC0-301F-11D3-BF4B-00C04F79EFBC}") = "Nuke.SampleApp.Android", "Nuke.SampleApp.Android\Nuke.SampleApp.Android.csproj", "{047134A2-BB11-47E7-B7CE-442116B33D51}"
EndProject
Project("{FAE04EC0-301F-11D3-BF4B-00C04F79EFBC}") = "Nuke.SampleApp.iOS", "Nuke.SampleApp.iOS\Nuke.SampleApp.iOS.csproj", "{7D72D563-8048-4C33-86A6-A1FE56C77D10}"
EndProject
Project("{2150E333-8FDC-42A3-9474-1A3956D46DE8}") = "tests", "tests", "{1C9CE06A-9CB3-4DD6-B5FF-11FC414EDF2A}"
EndProject
Project("{FAE04EC0-301F-11D3-BF4B-00C04F79EFBC}") = "Nuke.SampleApp.Module", "Nuke.SampleApp.Module\Nuke.SampleApp.Module.csproj", "{0EBA046B-F99A-47A3-9F00-0C08C838EE03}"
EndProject
Project("{FAE04EC0-301F-11D3-BF4B-00C04F79EFBC}") = "Nuke.SampleApp.Tests.Unit", "..\tests\Nuke.SampleApp.Tests.Unit\Nuke.SampleApp.Tests.Unit.csproj", "{29DB4D3F-9D93-4071-874B-932877EA00C6}"
EndProject
Project("{FAE04EC0-301F-11D3-BF4B-00C04F79EFBC}") = "Nuke.SampleApp.Tests.Shared", "..\tests\Nuke.SampleApp.Tests.Shared\Nuke.SampleApp.Tests.Shared.csproj", "{1BD401C8-425D-4416-8850-F1A9BB033E6F}"
EndProject
Project("{FAE04EC0-301F-11D3-BF4B-00C04F79EFBC}") = "Nuke.SampleApp.Mobile.Tests.Unit", "..\tests\Nuke.SampleApp.Mobile.Tests.Unit\Nuke.SampleApp.Mobile.Tests.Unit.csproj", "{DDFB49B5-7533-4310-907C-386D8A4A638A}"
EndProject
Global
	GlobalSection(SolutionConfigurationPlatforms) = preSolution
		Ad-Hoc|Any CPU = Ad-Hoc|Any CPU
		Ad-Hoc|iPhone = Ad-Hoc|iPhone
		Ad-Hoc|iPhoneSimulator = Ad-Hoc|iPhoneSimulator
		AppStore|Any CPU = AppStore|Any CPU
		AppStore|iPhone = AppStore|iPhone
		AppStore|iPhoneSimulator = AppStore|iPhoneSimulator
		Debug|Any CPU = Debug|Any CPU
		Debug|iPhone = Debug|iPhone
		Debug|iPhoneSimulator = Debug|iPhoneSimulator
		Release|Any CPU = Release|Any CPU
		Release|iPhone = Release|iPhone
		Release|iPhoneSimulator = Release|iPhoneSimulator
	EndGlobalSection
	GlobalSection(ProjectConfigurationPlatforms) = postSolution
		{4B02FC0F-072A-4833-99BE-3D307E764EA2}.Ad-Hoc|Any CPU.ActiveCfg = Debug|Any CPU
		{4B02FC0F-072A-4833-99BE-3D307E764EA2}.Ad-Hoc|Any CPU.Build.0 = Debug|Any CPU
		{4B02FC0F-072A-4833-99BE-3D307E764EA2}.Ad-Hoc|iPhone.ActiveCfg = Debug|Any CPU
		{4B02FC0F-072A-4833-99BE-3D307E764EA2}.Ad-Hoc|iPhone.Build.0 = Debug|Any CPU
		{4B02FC0F-072A-4833-99BE-3D307E764EA2}.Ad-Hoc|iPhoneSimulator.ActiveCfg = Debug|Any CPU
		{4B02FC0F-072A-4833-99BE-3D307E764EA2}.Ad-Hoc|iPhoneSimulator.Build.0 = Debug|Any CPU
		{4B02FC0F-072A-4833-99BE-3D307E764EA2}.AppStore|Any CPU.ActiveCfg = Debug|Any CPU
		{4B02FC0F-072A-4833-99BE-3D307E764EA2}.AppStore|Any CPU.Build.0 = Debug|Any CPU
		{4B02FC0F-072A-4833-99BE-3D307E764EA2}.AppStore|iPhone.ActiveCfg = Debug|Any CPU
		{4B02FC0F-072A-4833-99BE-3D307E764EA2}.AppStore|iPhone.Build.0 = Debug|Any CPU
		{4B02FC0F-072A-4833-99BE-3D307E764EA2}.AppStore|iPhoneSimulator.ActiveCfg = Debug|Any CPU
		{4B02FC0F-072A-4833-99BE-3D307E764EA2}.AppStore|iPhoneSimulator.Build.0 = Debug|Any CPU
		{4B02FC0F-072A-4833-99BE-3D307E764EA2}.Debug|Any CPU.ActiveCfg = Debug|Any CPU
		{4B02FC0F-072A-4833-99BE-3D307E764EA2}.Debug|Any CPU.Build.0 = Debug|Any CPU
		{4B02FC0F-072A-4833-99BE-3D307E764EA2}.Debug|iPhone.ActiveCfg = Debug|Any CPU
		{4B02FC0F-072A-4833-99BE-3D307E764EA2}.Debug|iPhone.Build.0 = Debug|Any CPU
		{4B02FC0F-072A-4833-99BE-3D307E764EA2}.Debug|iPhoneSimulator.ActiveCfg = Debug|Any CPU
		{4B02FC0F-072A-4833-99BE-3D307E764EA2}.Debug|iPhoneSimulator.Build.0 = Debug|Any CPU
		{4B02FC0F-072A-4833-99BE-3D307E764EA2}.Release|Any CPU.ActiveCfg = Release|Any CPU
		{4B02FC0F-072A-4833-99BE-3D307E764EA2}.Release|Any CPU.Build.0 = Release|Any CPU
		{4B02FC0F-072A-4833-99BE-3D307E764EA2}.Release|iPhone.ActiveCfg = Release|Any CPU
		{4B02FC0F-072A-4833-99BE-3D307E764EA2}.Release|iPhone.Build.0 = Release|Any CPU
		{4B02FC0F-072A-4833-99BE-3D307E764EA2}.Release|iPhoneSimulator.ActiveCfg = Release|Any CPU
		{4B02FC0F-072A-4833-99BE-3D307E764EA2}.Release|iPhoneSimulator.Build.0 = Release|Any CPU
		{047134A2-BB11-47E7-B7CE-442116B33D51}.Ad-Hoc|Any CPU.ActiveCfg = Debug|Any CPU
		{047134A2-BB11-47E7-B7CE-442116B33D51}.Ad-Hoc|Any CPU.Build.0 = Debug|Any CPU
		{047134A2-BB11-47E7-B7CE-442116B33D51}.Ad-Hoc|Any CPU.Deploy.0 = Debug|Any CPU
		{047134A2-BB11-47E7-B7CE-442116B33D51}.Ad-Hoc|iPhone.ActiveCfg = Debug|Any CPU
		{047134A2-BB11-47E7-B7CE-442116B33D51}.Ad-Hoc|iPhone.Build.0 = Debug|Any CPU
		{047134A2-BB11-47E7-B7CE-442116B33D51}.Ad-Hoc|iPhone.Deploy.0 = Debug|Any CPU
		{047134A2-BB11-47E7-B7CE-442116B33D51}.Ad-Hoc|iPhoneSimulator.ActiveCfg = Debug|Any CPU
		{047134A2-BB11-47E7-B7CE-442116B33D51}.Ad-Hoc|iPhoneSimulator.Build.0 = Debug|Any CPU
		{047134A2-BB11-47E7-B7CE-442116B33D51}.Ad-Hoc|iPhoneSimulator.Deploy.0 = Debug|Any CPU
		{047134A2-BB11-47E7-B7CE-442116B33D51}.AppStore|Any CPU.ActiveCfg = Debug|Any CPU
		{047134A2-BB11-47E7-B7CE-442116B33D51}.AppStore|Any CPU.Build.0 = Debug|Any CPU
		{047134A2-BB11-47E7-B7CE-442116B33D51}.AppStore|Any CPU.Deploy.0 = Debug|Any CPU
		{047134A2-BB11-47E7-B7CE-442116B33D51}.AppStore|iPhone.ActiveCfg = Debug|Any CPU
		{047134A2-BB11-47E7-B7CE-442116B33D51}.AppStore|iPhone.Build.0 = Debug|Any CPU
		{047134A2-BB11-47E7-B7CE-442116B33D51}.AppStore|iPhone.Deploy.0 = Debug|Any CPU
		{047134A2-BB11-47E7-B7CE-442116B33D51}.AppStore|iPhoneSimulator.ActiveCfg = Debug|Any CPU
		{047134A2-BB11-47E7-B7CE-442116B33D51}.AppStore|iPhoneSimulator.Build.0 = Debug|Any CPU
		{047134A2-BB11-47E7-B7CE-442116B33D51}.AppStore|iPhoneSimulator.Deploy.0 = Debug|Any CPU
		{047134A2-BB11-47E7-B7CE-442116B33D51}.Debug|Any CPU.ActiveCfg = Debug|Any CPU
		{047134A2-BB11-47E7-B7CE-442116B33D51}.Debug|Any CPU.Build.0 = Debug|Any CPU
		{047134A2-BB11-47E7-B7CE-442116B33D51}.Debug|Any CPU.Deploy.0 = Debug|Any CPU
		{047134A2-BB11-47E7-B7CE-442116B33D51}.Debug|iPhone.ActiveCfg = Debug|Any CPU
		{047134A2-BB11-47E7-B7CE-442116B33D51}.Debug|iPhone.Build.0 = Debug|Any CPU
		{047134A2-BB11-47E7-B7CE-442116B33D51}.Debug|iPhone.Deploy.0 = Debug|Any CPU
		{047134A2-BB11-47E7-B7CE-442116B33D51}.Debug|iPhoneSimulator.ActiveCfg = Debug|Any CPU
		{047134A2-BB11-47E7-B7CE-442116B33D51}.Debug|iPhoneSimulator.Build.0 = Debug|Any CPU
		{047134A2-BB11-47E7-B7CE-442116B33D51}.Debug|iPhoneSimulator.Deploy.0 = Debug|Any CPU
		{047134A2-BB11-47E7-B7CE-442116B33D51}.Release|Any CPU.ActiveCfg = Release|Any CPU
		{047134A2-BB11-47E7-B7CE-442116B33D51}.Release|Any CPU.Build.0 = Release|Any CPU
		{047134A2-BB11-47E7-B7CE-442116B33D51}.Release|Any CPU.Deploy.0 = Release|Any CPU
		{047134A2-BB11-47E7-B7CE-442116B33D51}.Release|iPhone.ActiveCfg = Release|Any CPU
		{047134A2-BB11-47E7-B7CE-442116B33D51}.Release|iPhone.Build.0 = Release|Any CPU
		{047134A2-BB11-47E7-B7CE-442116B33D51}.Release|iPhone.Deploy.0 = Release|Any CPU
		{047134A2-BB11-47E7-B7CE-442116B33D51}.Release|iPhoneSimulator.ActiveCfg = Release|Any CPU
		{047134A2-BB11-47E7-B7CE-442116B33D51}.Release|iPhoneSimulator.Build.0 = Release|Any CPU
		{047134A2-BB11-47E7-B7CE-442116B33D51}.Release|iPhoneSimulator.Deploy.0 = Release|Any CPU
		{7D72D563-8048-4C33-86A6-A1FE56C77D10}.Ad-Hoc|Any CPU.ActiveCfg = Ad-Hoc|iPhoneSimulator
		{7D72D563-8048-4C33-86A6-A1FE56C77D10}.Ad-Hoc|Any CPU.Build.0 = Ad-Hoc|iPhoneSimulator
		{7D72D563-8048-4C33-86A6-A1FE56C77D10}.Ad-Hoc|iPhone.ActiveCfg = Ad-Hoc|iPhone
		{7D72D563-8048-4C33-86A6-A1FE56C77D10}.Ad-Hoc|iPhone.Build.0 = Ad-Hoc|iPhone
		{7D72D563-8048-4C33-86A6-A1FE56C77D10}.Ad-Hoc|iPhoneSimulator.ActiveCfg = Ad-Hoc|iPhoneSimulator
		{7D72D563-8048-4C33-86A6-A1FE56C77D10}.Ad-Hoc|iPhoneSimulator.Build.0 = Ad-Hoc|iPhoneSimulator
		{7D72D563-8048-4C33-86A6-A1FE56C77D10}.AppStore|Any CPU.ActiveCfg = AppStore|iPhoneSimulator
		{7D72D563-8048-4C33-86A6-A1FE56C77D10}.AppStore|Any CPU.Build.0 = AppStore|iPhoneSimulator
		{7D72D563-8048-4C33-86A6-A1FE56C77D10}.AppStore|iPhone.ActiveCfg = AppStore|iPhone
		{7D72D563-8048-4C33-86A6-A1FE56C77D10}.AppStore|iPhone.Build.0 = AppStore|iPhone
		{7D72D563-8048-4C33-86A6-A1FE56C77D10}.AppStore|iPhoneSimulator.ActiveCfg = AppStore|iPhoneSimulator
		{7D72D563-8048-4C33-86A6-A1FE56C77D10}.AppStore|iPhoneSimulator.Build.0 = AppStore|iPhoneSimulator
		{7D72D563-8048-4C33-86A6-A1FE56C77D10}.Debug|Any CPU.ActiveCfg = Debug|iPhoneSimulator
		{7D72D563-8048-4C33-86A6-A1FE56C77D10}.Debug|Any CPU.Build.0 = Debug|iPhoneSimulator
		{7D72D563-8048-4C33-86A6-A1FE56C77D10}.Debug|iPhone.ActiveCfg = Debug|iPhone
		{7D72D563-8048-4C33-86A6-A1FE56C77D10}.Debug|iPhone.Build.0 = Debug|iPhone
		{7D72D563-8048-4C33-86A6-A1FE56C77D10}.Debug|iPhoneSimulator.ActiveCfg = Debug|iPhoneSimulator
		{7D72D563-8048-4C33-86A6-A1FE56C77D10}.Debug|iPhoneSimulator.Build.0 = Debug|iPhoneSimulator
		{7D72D563-8048-4C33-86A6-A1FE56C77D10}.Release|Any CPU.ActiveCfg = Release|iPhoneSimulator
		{7D72D563-8048-4C33-86A6-A1FE56C77D10}.Release|Any CPU.Build.0 = Release|iPhoneSimulator
		{7D72D563-8048-4C33-86A6-A1FE56C77D10}.Release|iPhone.ActiveCfg = Release|iPhone
		{7D72D563-8048-4C33-86A6-A1FE56C77D10}.Release|iPhone.Build.0 = Release|iPhone
		{7D72D563-8048-4C33-86A6-A1FE56C77D10}.Release|iPhoneSimulator.ActiveCfg = Release|iPhoneSimulator
		{7D72D563-8048-4C33-86A6-A1FE56C77D10}.Release|iPhoneSimulator.Build.0 = Release|iPhoneSimulator
		{0EBA046B-F99A-47A3-9F00-0C08C838EE03}.Ad-Hoc|Any CPU.ActiveCfg = Debug|Any CPU
		{0EBA046B-F99A-47A3-9F00-0C08C838EE03}.Ad-Hoc|Any CPU.Build.0 = Debug|Any CPU
		{0EBA046B-F99A-47A3-9F00-0C08C838EE03}.Ad-Hoc|iPhone.ActiveCfg = Debug|Any CPU
		{0EBA046B-F99A-47A3-9F00-0C08C838EE03}.Ad-Hoc|iPhone.Build.0 = Debug|Any CPU
		{0EBA046B-F99A-47A3-9F00-0C08C838EE03}.Ad-Hoc|iPhoneSimulator.ActiveCfg = Debug|Any CPU
		{0EBA046B-F99A-47A3-9F00-0C08C838EE03}.Ad-Hoc|iPhoneSimulator.Build.0 = Debug|Any CPU
		{0EBA046B-F99A-47A3-9F00-0C08C838EE03}.AppStore|Any CPU.ActiveCfg = Debug|Any CPU
		{0EBA046B-F99A-47A3-9F00-0C08C838EE03}.AppStore|Any CPU.Build.0 = Debug|Any CPU
		{0EBA046B-F99A-47A3-9F00-0C08C838EE03}.AppStore|iPhone.ActiveCfg = Debug|Any CPU
		{0EBA046B-F99A-47A3-9F00-0C08C838EE03}.AppStore|iPhone.Build.0 = Debug|Any CPU
		{0EBA046B-F99A-47A3-9F00-0C08C838EE03}.AppStore|iPhoneSimulator.ActiveCfg = Debug|Any CPU
		{0EBA046B-F99A-47A3-9F00-0C08C838EE03}.AppStore|iPhoneSimulator.Build.0 = Debug|Any CPU
		{0EBA046B-F99A-47A3-9F00-0C08C838EE03}.Debug|Any CPU.ActiveCfg = Debug|Any CPU
		{0EBA046B-F99A-47A3-9F00-0C08C838EE03}.Debug|Any CPU.Build.0 = Debug|Any CPU
		{0EBA046B-F99A-47A3-9F00-0C08C838EE03}.Debug|iPhone.ActiveCfg = Debug|Any CPU
		{0EBA046B-F99A-47A3-9F00-0C08C838EE03}.Debug|iPhone.Build.0 = Debug|Any CPU
		{0EBA046B-F99A-47A3-9F00-0C08C838EE03}.Debug|iPhoneSimulator.ActiveCfg = Debug|Any CPU
		{0EBA046B-F99A-47A3-9F00-0C08C838EE03}.Debug|iPhoneSimulator.Build.0 = Debug|Any CPU
		{0EBA046B-F99A-47A3-9F00-0C08C838EE03}.Release|Any CPU.ActiveCfg = Release|Any CPU
		{0EBA046B-F99A-47A3-9F00-0C08C838EE03}.Release|Any CPU.Build.0 = Release|Any CPU
		{0EBA046B-F99A-47A3-9F00-0C08C838EE03}.Release|iPhone.ActiveCfg = Release|Any CPU
		{0EBA046B-F99A-47A3-9F00-0C08C838EE03}.Release|iPhone.Build.0 = Release|Any CPU
		{0EBA046B-F99A-47A3-9F00-0C08C838EE03}.Release|iPhoneSimulator.ActiveCfg = Release|Any CPU
		{0EBA046B-F99A-47A3-9F00-0C08C838EE03}.Release|iPhoneSimulator.Build.0 = Release|Any CPU
		{29DB4D3F-9D93-4071-874B-932877EA00C6}.Ad-Hoc|Any CPU.ActiveCfg = Debug|Any CPU
		{29DB4D3F-9D93-4071-874B-932877EA00C6}.Ad-Hoc|Any CPU.Build.0 = Debug|Any CPU
		{29DB4D3F-9D93-4071-874B-932877EA00C6}.Ad-Hoc|iPhone.ActiveCfg = Debug|Any CPU
		{29DB4D3F-9D93-4071-874B-932877EA00C6}.Ad-Hoc|iPhone.Build.0 = Debug|Any CPU
		{29DB4D3F-9D93-4071-874B-932877EA00C6}.Ad-Hoc|iPhoneSimulator.ActiveCfg = Debug|Any CPU
		{29DB4D3F-9D93-4071-874B-932877EA00C6}.Ad-Hoc|iPhoneSimulator.Build.0 = Debug|Any CPU
		{29DB4D3F-9D93-4071-874B-932877EA00C6}.AppStore|Any CPU.ActiveCfg = Debug|Any CPU
		{29DB4D3F-9D93-4071-874B-932877EA00C6}.AppStore|Any CPU.Build.0 = Debug|Any CPU
		{29DB4D3F-9D93-4071-874B-932877EA00C6}.AppStore|iPhone.ActiveCfg = Debug|Any CPU
		{29DB4D3F-9D93-4071-874B-932877EA00C6}.AppStore|iPhone.Build.0 = Debug|Any CPU
		{29DB4D3F-9D93-4071-874B-932877EA00C6}.AppStore|iPhoneSimulator.ActiveCfg = Debug|Any CPU
		{29DB4D3F-9D93-4071-874B-932877EA00C6}.AppStore|iPhoneSimulator.Build.0 = Debug|Any CPU
		{29DB4D3F-9D93-4071-874B-932877EA00C6}.Debug|Any CPU.ActiveCfg = Debug|Any CPU
		{29DB4D3F-9D93-4071-874B-932877EA00C6}.Debug|Any CPU.Build.0 = Debug|Any CPU
		{29DB4D3F-9D93-4071-874B-932877EA00C6}.Debug|iPhone.ActiveCfg = Debug|Any CPU
		{29DB4D3F-9D93-4071-874B-932877EA00C6}.Debug|iPhone.Build.0 = Debug|Any CPU
		{29DB4D3F-9D93-4071-874B-932877EA00C6}.Debug|iPhoneSimulator.ActiveCfg = Debug|Any CPU
		{29DB4D3F-9D93-4071-874B-932877EA00C6}.Debug|iPhoneSimulator.Build.0 = Debug|Any CPU
		{29DB4D3F-9D93-4071-874B-932877EA00C6}.Release|Any CPU.ActiveCfg = Release|Any CPU
		{29DB4D3F-9D93-4071-874B-932877EA00C6}.Release|Any CPU.Build.0 = Release|Any CPU
		{29DB4D3F-9D93-4071-874B-932877EA00C6}.Release|iPhone.ActiveCfg = Release|Any CPU
		{29DB4D3F-9D93-4071-874B-932877EA00C6}.Release|iPhone.Build.0 = Release|Any CPU
		{29DB4D3F-9D93-4071-874B-932877EA00C6}.Release|iPhoneSimulator.ActiveCfg = Release|Any CPU
		{29DB4D3F-9D93-4071-874B-932877EA00C6}.Release|iPhoneSimulator.Build.0 = Release|Any CPU
		{1BD401C8-425D-4416-8850-F1A9BB033E6F}.Ad-Hoc|Any CPU.ActiveCfg = Debug|Any CPU
		{1BD401C8-425D-4416-8850-F1A9BB033E6F}.Ad-Hoc|Any CPU.Build.0 = Debug|Any CPU
		{1BD401C8-425D-4416-8850-F1A9BB033E6F}.Ad-Hoc|iPhone.ActiveCfg = Debug|Any CPU
		{1BD401C8-425D-4416-8850-F1A9BB033E6F}.Ad-Hoc|iPhone.Build.0 = Debug|Any CPU
		{1BD401C8-425D-4416-8850-F1A9BB033E6F}.Ad-Hoc|iPhoneSimulator.ActiveCfg = Debug|Any CPU
		{1BD401C8-425D-4416-8850-F1A9BB033E6F}.Ad-Hoc|iPhoneSimulator.Build.0 = Debug|Any CPU
		{1BD401C8-425D-4416-8850-F1A9BB033E6F}.AppStore|Any CPU.ActiveCfg = Debug|Any CPU
		{1BD401C8-425D-4416-8850-F1A9BB033E6F}.AppStore|Any CPU.Build.0 = Debug|Any CPU
		{1BD401C8-425D-4416-8850-F1A9BB033E6F}.AppStore|iPhone.ActiveCfg = Debug|Any CPU
		{1BD401C8-425D-4416-8850-F1A9BB033E6F}.AppStore|iPhone.Build.0 = Debug|Any CPU
		{1BD401C8-425D-4416-8850-F1A9BB033E6F}.AppStore|iPhoneSimulator.ActiveCfg = Debug|Any CPU
		{1BD401C8-425D-4416-8850-F1A9BB033E6F}.AppStore|iPhoneSimulator.Build.0 = Debug|Any CPU
		{1BD401C8-425D-4416-8850-F1A9BB033E6F}.Debug|Any CPU.ActiveCfg = Debug|Any CPU
		{1BD401C8-425D-4416-8850-F1A9BB033E6F}.Debug|Any CPU.Build.0 = Debug|Any CPU
		{1BD401C8-425D-4416-8850-F1A9BB033E6F}.Debug|iPhone.ActiveCfg = Debug|Any CPU
		{1BD401C8-425D-4416-8850-F1A9BB033E6F}.Debug|iPhone.Build.0 = Debug|Any CPU
		{1BD401C8-425D-4416-8850-F1A9BB033E6F}.Debug|iPhoneSimulator.ActiveCfg = Debug|Any CPU
		{1BD401C8-425D-4416-8850-F1A9BB033E6F}.Debug|iPhoneSimulator.Build.0 = Debug|Any CPU
		{1BD401C8-425D-4416-8850-F1A9BB033E6F}.Release|Any CPU.ActiveCfg = Release|Any CPU
		{1BD401C8-425D-4416-8850-F1A9BB033E6F}.Release|Any CPU.Build.0 = Release|Any CPU
		{1BD401C8-425D-4416-8850-F1A9BB033E6F}.Release|iPhone.ActiveCfg = Release|Any CPU
		{1BD401C8-425D-4416-8850-F1A9BB033E6F}.Release|iPhone.Build.0 = Release|Any CPU
		{1BD401C8-425D-4416-8850-F1A9BB033E6F}.Release|iPhoneSimulator.ActiveCfg = Release|Any CPU
		{1BD401C8-425D-4416-8850-F1A9BB033E6F}.Release|iPhoneSimulator.Build.0 = Release|Any CPU
		{DDFB49B5-7533-4310-907C-386D8A4A638A}.Ad-Hoc|Any CPU.ActiveCfg = Debug|Any CPU
		{DDFB49B5-7533-4310-907C-386D8A4A638A}.Ad-Hoc|Any CPU.Build.0 = Debug|Any CPU
		{DDFB49B5-7533-4310-907C-386D8A4A638A}.Ad-Hoc|iPhone.ActiveCfg = Debug|Any CPU
		{DDFB49B5-7533-4310-907C-386D8A4A638A}.Ad-Hoc|iPhone.Build.0 = Debug|Any CPU
		{DDFB49B5-7533-4310-907C-386D8A4A638A}.Ad-Hoc|iPhoneSimulator.ActiveCfg = Debug|Any CPU
		{DDFB49B5-7533-4310-907C-386D8A4A638A}.Ad-Hoc|iPhoneSimulator.Build.0 = Debug|Any CPU
		{DDFB49B5-7533-4310-907C-386D8A4A638A}.AppStore|Any CPU.ActiveCfg = Debug|Any CPU
		{DDFB49B5-7533-4310-907C-386D8A4A638A}.AppStore|Any CPU.Build.0 = Debug|Any CPU
		{DDFB49B5-7533-4310-907C-386D8A4A638A}.AppStore|iPhone.ActiveCfg = Debug|Any CPU
		{DDFB49B5-7533-4310-907C-386D8A4A638A}.AppStore|iPhone.Build.0 = Debug|Any CPU
		{DDFB49B5-7533-4310-907C-386D8A4A638A}.AppStore|iPhoneSimulator.ActiveCfg = Debug|Any CPU
		{DDFB49B5-7533-4310-907C-386D8A4A638A}.AppStore|iPhoneSimulator.Build.0 = Debug|Any CPU
		{DDFB49B5-7533-4310-907C-386D8A4A638A}.Debug|Any CPU.ActiveCfg = Debug|Any CPU
		{DDFB49B5-7533-4310-907C-386D8A4A638A}.Debug|Any CPU.Build.0 = Debug|Any CPU
		{DDFB49B5-7533-4310-907C-386D8A4A638A}.Debug|iPhone.ActiveCfg = Debug|Any CPU
		{DDFB49B5-7533-4310-907C-386D8A4A638A}.Debug|iPhone.Build.0 = Debug|Any CPU
		{DDFB49B5-7533-4310-907C-386D8A4A638A}.Debug|iPhoneSimulator.ActiveCfg = Debug|Any CPU
		{DDFB49B5-7533-4310-907C-386D8A4A638A}.Debug|iPhoneSimulator.Build.0 = Debug|Any CPU
		{DDFB49B5-7533-4310-907C-386D8A4A638A}.Release|Any CPU.ActiveCfg = Release|Any CPU
		{DDFB49B5-7533-4310-907C-386D8A4A638A}.Release|Any CPU.Build.0 = Release|Any CPU
		{DDFB49B5-7533-4310-907C-386D8A4A638A}.Release|iPhone.ActiveCfg = Release|Any CPU
		{DDFB49B5-7533-4310-907C-386D8A4A638A}.Release|iPhone.Build.0 = Release|Any CPU
		{DDFB49B5-7533-4310-907C-386D8A4A638A}.Release|iPhoneSimulator.ActiveCfg = Release|Any CPU
		{DDFB49B5-7533-4310-907C-386D8A4A638A}.Release|iPhoneSimulator.Build.0 = Release|Any CPU
	EndGlobalSection
	GlobalSection(SolutionProperties) = preSolution
		HideSolutionNode = FALSE
	EndGlobalSection
	GlobalSection(NestedProjects) = preSolution
		{29DB4D3F-9D93-4071-874B-932877EA00C6} = {1C9CE06A-9CB3-4DD6-B5FF-11FC414EDF2A}
		{1BD401C8-425D-4416-8850-F1A9BB033E6F} = {1C9CE06A-9CB3-4DD6-B5FF-11FC414EDF2A}
		{DDFB49B5-7533-4310-907C-386D8A4A638A} = {1C9CE06A-9CB3-4DD6-B5FF-11FC414EDF2A}
	EndGlobalSection
	GlobalSection(ExtensibilityGlobals) = postSolution
		SolutionGuid = {ADBB848E-9B10-4434-82DB-75AB13EDDC76}
	EndGlobalSection
EndGlobal
